# This file is autogenerated, do not edit; changes may be undone by the next 'dep ensure'.


[[projects]]
  digest = "1:5c3894b2aa4d6bead0ceeea6831b305d62879c871780e7b76296ded1b004bc57"
  name = "cloud.google.com/go"
  packages = ["compute/metadata"]
  pruneopts = "UT"
  revision = "6cb29e61d96723a38dcac44d4c15c36744d96d07"
  version = "v0.29.0"

[[projects]]
  branch = "master"
  digest = "1:6da51e5ec493ad2b44cb04129e2d0a068c8fb9bd6cb5739d199573558696bb94"
  name = "github.com/Azure/go-ansiterm"
  packages = [
    ".",
    "winterm",
  ]
  pruneopts = "UT"
  revision = "d6e3b3328b783f23731bc4d058875b0371ff8109"

[[projects]]
  digest = "1:c590ed03a8431029a93eb0ff1645604964144c06623b97f5b4d4f64ac820dd46"
  name = "github.com/aws/aws-sdk-go"
  packages = [
    "aws",
    "aws/awserr",
    "aws/awsutil",
    "aws/client",
    "aws/client/metadata",
    "aws/corehandlers",
    "aws/credentials",
    "aws/credentials/ec2rolecreds",
    "aws/credentials/endpointcreds",
    "aws/credentials/stscreds",
    "aws/csm",
    "aws/defaults",
    "aws/ec2metadata",
    "aws/endpoints",
    "aws/request",
    "aws/session",
    "aws/signer/v4",
    "internal/s3err",
    "internal/sdkio",
    "internal/sdkrand",
    "internal/sdkuri",
    "internal/shareddefaults",
    "private/protocol",
    "private/protocol/eventstream",
    "private/protocol/eventstream/eventstreamapi",
    "private/protocol/query",
    "private/protocol/query/queryutil",
    "private/protocol/rest",
    "private/protocol/restxml",
    "private/protocol/xml/xmlutil",
    "service/s3",
    "service/sts",
  ]
  pruneopts = "UT"
  revision = "59124d90523f4c0491f997f9a36aef265fe3502c"
  version = "v1.15.49"

[[projects]]
  digest = "1:3979ce00a7ab70223ab575eb7ee7191d6a91ff45ecbe61774252ea25ef0f6cf4"
  name = "github.com/bkaradzic/go-lz4"
  packages = ["."]
  pruneopts = "UT"
  revision = "74ddf82598bc4745b965729e9c6a463bedd33049"
  version = "v1.0.0"

[[projects]]
  digest = "1:5627be48bc0061b4ed6a158e593112cd3eb6322da6ec91f73b5c70a7c9cfb01a"
  name = "github.com/briandowns/spinner"
  packages = ["."]
  pruneopts = "UT"
  revision = "bbeb66ec3653684a0afb3031087f790a5b7d7bdf"
  version = "1.3"

[[projects]]
  digest = "1:6d2aa3397b2baecd67ca8e8ae5f1e3a4221a6d0fe816a35ee9c841dfef49cbaf"
  name = "github.com/calmh/du"
  packages = ["."]
  pruneopts = "UT"
  revision = "dd9dc2043353249b2910b29dcfd6f6d4e64f39be"
  version = "v1.0.1"

[[projects]]
  digest = "1:584be082b52973371db2a8c8d2e282132329217c7c696ecb1703681f7dbb95b6"
  name = "github.com/calmh/xdr"
  packages = ["."]
  pruneopts = "UT"
  revision = "08e072f9cb164f943a92eb59f90f3abc64ac6e8f"
  version = "v1.1.0"

[[projects]]
  digest = "1:2209584c0f7c9b68c23374e659357ab546e1b70eec2761f03280f69a8fd23d77"
  name = "github.com/cenkalti/backoff"
  packages = ["."]
  pruneopts = "UT"
  revision = "2ea60e5f094469f9e65adb9cd103795b73ae743e"
  version = "v2.0.0"

[[projects]]
  digest = "1:5c709df1e94c6dbee6fdd9699b11e3cdfa06870b1e828e9311e4e879b2ae6a4a"
  name = "github.com/docker/docker"
  packages = [
    "pkg/term",
    "pkg/term/windows",
  ]
  pruneopts = "UT"
  revision = "a9fbbdc8dd8794b20af358382ab780559bca589d"

[[projects]]
  branch = "master"
  digest = "1:dbb3d1675f5beeb37de6e9b95cc460158ff212902a916e67688b01e0660f41bd"
  name = "github.com/docker/spdystream"
  packages = [
    ".",
    "spdy",
  ]
  pruneopts = "UT"
  revision = "bc6354cbbc295e925e4c611ffe90c1f287ee54db"

[[projects]]
  digest = "1:865079840386857c809b72ce300be7580cb50d3d3129ce11bf9aa6ca2bc1934a"
  name = "github.com/fatih/color"
  packages = ["."]
  pruneopts = "UT"
  revision = "5b77d2a35fb0ede96d138fc9a99f5c9b6aef11b4"
  version = "v1.7.0"

[[projects]]
  digest = "1:ca82a3b99694824c627573c2a76d0e49719b4a9c02d1d85a2ac91f1c1f52ab9b"
  name = "github.com/fatih/structs"
  packages = ["."]
  pruneopts = "UT"
  revision = "a720dfa8df582c51dee1b36feabb906bde1588bd"
  version = "v1.0"

[[projects]]
  digest = "1:abeb38ade3f32a92943e5be54f55ed6d6e3b6602761d74b4aab4c9dd45c18abd"
  name = "github.com/fsnotify/fsnotify"
  packages = ["."]
  pruneopts = "UT"
  revision = "c2828203cd70a50dcccfb2761f8b1f8ceef9a8e9"
  version = "v1.4.7"

[[projects]]
  digest = "1:2cd7915ab26ede7d95b8749e6b1f933f1c6d5398030684e6505940a10f31cfda"
  name = "github.com/ghodss/yaml"
  packages = ["."]
  pruneopts = "UT"
  revision = "0ca9ea5df5451ffdf184b4428c902747c2c11cd7"
  version = "v1.0.0"

[[projects]]
  digest = "1:b98e7574fc27ec166fb31195ec72c3bd0bffd73926d3612eb4c929bc5236f75b"
  name = "github.com/go-ini/ini"
  packages = ["."]
  pruneopts = "UT"
  revision = "7b294651033cd7d9e7f0d9ffa1b75ed1e198e737"
  version = "v1.38.3"

[[projects]]
  digest = "1:b7fc4c3fd91df516486f53cc86f4b55a0c815782dbe852c5a19cce8e6c577aac"
  name = "github.com/go-resty/resty"
  packages = ["."]
  pruneopts = "UT"
  revision = "d4920dcf5b7689548a6db640278a9b35a5b48ec6"
  version = "v1.9.1"

[[projects]]
  digest = "1:db238461f652ddb7c7057bc6fc503f6003a29987b1485ecbb96d92287db65bc9"
  name = "github.com/gogo/protobuf"
  packages = [
    "gogoproto",
    "proto",
    "protoc-gen-gogo/descriptor",
    "sortkeys",
  ]
  pruneopts = "UT"
  revision = "636bf0302bc95575d69441b25a2603156ffdddf1"
  version = "v1.1.1"

[[projects]]
  branch = "master"
  digest = "1:1ba1d79f2810270045c328ae5d674321db34e3aae468eb4233883b473c5c0467"
  name = "github.com/golang/glog"
  packages = ["."]
  pruneopts = "UT"
  revision = "23def4e6c14b4da8ac2ed8007337bc5eb5007998"

[[projects]]
  digest = "1:5ac24c0ad5dc117fb2b6d90d205c876ec599c09cccb702a36586680e09cb20b5"
  name = "github.com/golang/protobuf"
  packages = [
    "proto",
    "ptypes",
    "ptypes/any",
    "ptypes/duration",
    "ptypes/empty",
    "ptypes/timestamp",
  ]
  pruneopts = "UT"
  revision = "aa810b61a9c79d51363740d207bb46cf8e620ed5"
  version = "v1.2.0"

[[projects]]
  branch = "master"
  digest = "1:0bfbe13936953a98ae3cfe8ed6670d396ad81edf069a806d2f6515d7bb6950df"
  name = "github.com/google/btree"
  packages = ["."]
  pruneopts = "UT"
  revision = "4030bb1f1f0c35b30ca7009e9ebd06849dd45306"

[[projects]]
  branch = "master"
  digest = "1:3ee90c0d94da31b442dde97c99635aaafec68d0b8a3c12ee2075c6bdabeec6bb"
  name = "github.com/google/gofuzz"
  packages = ["."]
  pruneopts = "UT"
  revision = "24818f796faf91cd76ec7bddd72458fbced7a6c1"

[[projects]]
  digest = "1:65c4414eeb350c47b8de71110150d0ea8a281835b1f386eacaa3ad7325929c21"
  name = "github.com/googleapis/gnostic"
  packages = [
    "OpenAPIv2",
    "compiler",
    "extensions",
  ]
  pruneopts = "UT"
  revision = "7c663266750e7d82587642f65e60bc4083f1f84e"
  version = "v0.2.0"

[[projects]]
  branch = "master"
  digest = "1:86c1210529e69d69860f2bb3ee9ccce0b595aa3f9165e7dd1388e5c612915888"
  name = "github.com/gregjones/httpcache"
  packages = [
    ".",
    "diskcache",
  ]
  pruneopts = "UT"
  revision = "9cad4c3443a7200dd6400aef47183728de563a38"

[[projects]]
  digest = "1:c0d19ab64b32ce9fe5cf4ddceba78d5bc9807f0016db6b1183599da3dcc24d10"
  name = "github.com/hashicorp/hcl"
  packages = [
    ".",
    "hcl/ast",
    "hcl/parser",
    "hcl/printer",
    "hcl/scanner",
    "hcl/strconv",
    "hcl/token",
    "json/parser",
    "json/scanner",
    "json/token",
  ]
  pruneopts = "UT"
  revision = "8cb6e5b959231cc1119e43259c4a608f9c51a241"
  version = "v1.0.0"

[[projects]]
  digest = "1:8eb1de8112c9924d59bf1d3e5c26f5eaa2bfc2a5fcbb92dc1c2e4546d695f277"
  name = "github.com/imdario/mergo"
  packages = ["."]
  pruneopts = "UT"
  revision = "9f23e2d6bd2a77f959b2bf6acdbefd708a83a4a4"
  version = "v0.3.6"

[[projects]]
  digest = "1:870d441fe217b8e689d7949fef6e43efbc787e50f200cb1e70dbca9204a1d6be"
  name = "github.com/inconshreveable/mousetrap"
  packages = ["."]
  pruneopts = "UT"
  revision = "76626ae9c91c4f2a10f34cad8ce83ea42c93bb75"
  version = "v1.0"

[[projects]]
  digest = "1:e22af8c7518e1eab6f2eab2b7d7558927f816262586cd6ed9f349c97a6c285c4"
  name = "github.com/jmespath/go-jmespath"
  packages = ["."]
  pruneopts = "UT"
  revision = "0b12d6b5"

[[projects]]
  branch = "master"
  digest = "1:2b3d525ff7f0d3918b3d476cfaefd4d3c0b79ab315dbd11f8e7e81b6723004e4"
  name = "github.com/jpillora/overseer"
  packages = ["fetcher"]
  pruneopts = "UT"
  revision = "9891188db5a5bdae87416218253ac3a5ed4aed8a"

[[projects]]
  digest = "1:3e551bbb3a7c0ab2a2bf4660e7fcad16db089fdcfbb44b0199e62838038623ea"
  name = "github.com/json-iterator/go"
  packages = ["."]
  pruneopts = "UT"
  revision = "1624edc4454b8682399def8740d46db5e4362ba4"
  version = "1.1.5"

[[projects]]
  branch = "master"
  digest = "1:400e113a367b511b9b09ca642ee11d9885485a93838526d697033af334a2fdde"
  name = "github.com/kballard/go-shellquote"
  packages = ["."]
  pruneopts = "UT"
  revision = "95032a82bc518f77982ea72343cc1ade730072f0"

[[projects]]
  digest = "1:0a69a1c0db3591fcefb47f115b224592c8dfa4368b7ba9fae509d5e16cdc95c8"
  name = "github.com/konsorten/go-windows-terminal-sequences"
  packages = ["."]
  pruneopts = "UT"
  revision = "5c8c8bd35d3832f5d134ae1e1e375b69a4d25242"
  version = "v1.0.1"

[[projects]]
  branch = "master"
  digest = "1:be40f095cd741773905744f16c1f7a21fd9226ccd0529f019deb7da6d667f71c"
  name = "github.com/logrusorgru/aurora"
  packages = ["."]
  pruneopts = "UT"
  revision = "a7b3b318ed4e1ae5b80602b08627267303c68572"

[[projects]]
  digest = "1:c568d7727aa262c32bdf8a3f7db83614f7af0ed661474b24588de635c20024c7"
  name = "github.com/magiconair/properties"
  packages = ["."]
  pruneopts = "UT"
  revision = "c2353362d570a7bfa228149c62842019201cfb71"
  version = "v1.8.0"

[[projects]]
  digest = "1:c658e84ad3916da105a761660dcaeb01e63416c8ec7bc62256a9b411a05fcd67"
  name = "github.com/mattn/go-colorable"
  packages = ["."]
  pruneopts = "UT"
  revision = "167de6bfdfba052fa6b2d3664c8f5272e23c9072"
  version = "v0.0.9"

[[projects]]
  digest = "1:0981502f9816113c9c8c4ac301583841855c8cf4da8c72f696b3ebedf6d0e4e5"
  name = "github.com/mattn/go-isatty"
  packages = ["."]
  pruneopts = "UT"
  revision = "6ca4dbf54d38eea1a992b3c722a76a5d1c4cb25c"
  version = "v0.0.4"

[[projects]]
  branch = "master"
  digest = "1:445210ef1e723060b3ebeb691648b5090f154992ee35f7065b70a6a5a96a3bb8"
  name = "github.com/minio/sha256-simd"
  packages = ["."]
  pruneopts = "UT"
  revision = "51976451ce1942acbb55707a983ed232fa027110"

[[projects]]
  digest = "1:78bbb1ba5b7c3f2ed0ea1eab57bdd3859aec7e177811563edc41198a760b06af"
  name = "github.com/mitchellh/go-homedir"
  packages = ["."]
  pruneopts = "UT"
  revision = "ae18d6b8b3205b561c79e8e5f69bff09736185f4"
  version = "v1.0.0"

[[projects]]
  digest = "1:abf08734a6527df70ed361d7c369fb580e6840d8f7a6012e5f609fdfd93b4e48"
  name = "github.com/mitchellh/go-wordwrap"
  packages = ["."]
  pruneopts = "UT"
  revision = "9e67c67572bc5dd02aef930e2b0ae3c02a4b5a5c"
  version = "v1.0.0"

[[projects]]
  digest = "1:53bc4cd4914cd7cd52139990d5170d6dc99067ae31c56530621b18b35fc30318"
  name = "github.com/mitchellh/mapstructure"
  packages = ["."]
  pruneopts = "UT"
  revision = "3536a929edddb9a5b34bd6861dc4a9647cb459fe"
  version = "v1.1.2"

[[projects]]
  digest = "1:33422d238f147d247752996a26574ac48dcf472976eda7f5134015f06bf16563"
  name = "github.com/modern-go/concurrent"
  packages = ["."]
  pruneopts = "UT"
  revision = "bacd9c7ef1dd9b15be4a9909b8ac7a4e313eec94"
  version = "1.0.3"

[[projects]]
  digest = "1:e32bdbdb7c377a07a9a46378290059822efdce5c8d96fe71940d87cb4f918855"
  name = "github.com/modern-go/reflect2"
  packages = ["."]
  pruneopts = "UT"
  revision = "4b7aa43c6742a2c18fdef89dd197aaae7dac7ccd"
  version = "1.0.1"

[[projects]]
  digest = "1:95741de3af260a92cc5c7f3f3061e85273f5a81b5db20d4bd68da74bd521675e"
  name = "github.com/pelletier/go-toml"
  packages = ["."]
  pruneopts = "UT"
  revision = "c01d1270ff3e442a8a57cddc1c92dc1138598194"
  version = "v1.2.0"

[[projects]]
  branch = "master"
  digest = "1:3bf17a6e6eaa6ad24152148a631d18662f7212e21637c2699bff3369b7f00fa2"
  name = "github.com/petar/GoLLRB"
  packages = ["llrb"]
  pruneopts = "UT"
  revision = "53be0d36a84c2a886ca057d34b6aa4468df9ccb4"

[[projects]]
  digest = "1:0e7775ebbcf00d8dd28ac663614af924411c868dca3d5aa762af0fae3808d852"
  name = "github.com/peterbourgon/diskv"
  packages = ["."]
  pruneopts = "UT"
  revision = "5f041e8faa004a95c88a202771f4cc3e991971e6"
  version = "v2.0.1"

[[projects]]
  branch = "master"
  digest = "1:64b5f903788b2f79536f1c4d8d8ac0dc0dae857eb0711bbbb8918e5673613439"
  name = "github.com/petermattis/goid"
  packages = ["."]
  pruneopts = "UT"
  revision = "b0b1615b78e5ee59739545bb38426383b2cda4c9"

[[projects]]
  digest = "1:40e195917a951a8bf867cd05de2a46aaf1806c50cf92eebf4c16f78cd196f747"
  name = "github.com/pkg/errors"
  packages = ["."]
  pruneopts = "UT"
  revision = "645ef00459ed84a119197bfb8d8205042c6df63d"
  version = "v0.8.0"

[[projects]]
  digest = "1:55025ebe3c5d8e20afc25713cbb218206a0170ee115ab2fc1877726253a3c053"
  name = "github.com/sasha-s/go-deadlock"
  packages = ["."]
  pruneopts = "UT"
  revision = "03d40e5dbd5488667a13b3c2600b2f7c2886f02f"
  version = "v0.2.0"

[[projects]]
  digest = "1:dc2d85c13ac22c22a1f3170a41a8e1b897fa05134aaf533f16df44f66a25b4a1"
  name = "github.com/sirupsen/logrus"
  packages = ["."]
  pruneopts = "UT"
  revision = "a67f783a3814b8729bd2dac5780b5f78f8dbd64d"
  version = "v1.1.0"

[[projects]]
  digest = "1:6a4a11ba764a56d2758899ec6f3848d24698d48442ebce85ee7a3f63284526cd"
  name = "github.com/spf13/afero"
  packages = [
    ".",
    "mem",
  ]
  pruneopts = "UT"
  revision = "d40851caa0d747393da1ffb28f7f9d8b4eeffebd"
  version = "v1.1.2"

[[projects]]
  digest = "1:516e71bed754268937f57d4ecb190e01958452336fa73dbac880894164e91c1f"
  name = "github.com/spf13/cast"
  packages = ["."]
  pruneopts = "UT"
  revision = "8965335b8c7107321228e3e3702cab9832751bac"
  version = "v1.2.0"

[[projects]]
  digest = "1:645cabccbb4fa8aab25a956cbcbdf6a6845ca736b2c64e197ca7cbb9d210b939"
  name = "github.com/spf13/cobra"
  packages = ["."]
  pruneopts = "UT"
  revision = "ef82de70bb3f60c65fb8eebacbb2d122ef517385"
  version = "v0.0.3"

[[projects]]
  digest = "1:68ea4e23713989dc20b1bded5d9da2c5f9be14ff9885beef481848edd18c26cb"
  name = "github.com/spf13/jwalterweatherman"
  packages = ["."]
  pruneopts = "UT"
  revision = "4a4406e478ca629068e7768fc33f3f044173c0a6"
  version = "v1.0.0"

[[projects]]
  branch = "master"
  digest = "1:c1b1102241e7f645bc8e0c22ae352e8f0dc6484b6cb4d132fa9f24174e0119e2"
  name = "github.com/spf13/pflag"
  packages = ["."]
  pruneopts = "UT"
  revision = "298182f68c66c05229eb03ac171abe6e309ee79a"

[[projects]]
  digest = "1:214775c11fd26da94a100111a62daa25339198a4f9c57cb4aab352da889f5b93"
  name = "github.com/spf13/viper"
  packages = ["."]
  pruneopts = "UT"
  revision = "2c12c60302a5a0e62ee102ca9bc996277c2f64f5"
  version = "v1.2.1"

[[projects]]
  branch = "master"
  digest = "1:3354e6ce1902beef03a7dfe4a2619173a3393b7d72bdd35591d2da1d5523f4ad"
  name = "github.com/syncthing/notify"
  packages = ["."]
  pruneopts = "UT"
  revision = "b76b45868a77e7800dd06cce61101af9c4274bcc"

[[projects]]
  digest = "1:78a47f6cd43caf6c34e8f7536ed8bed4cc16b7ef44bbdb47883e3cc34bda31f9"
  name = "github.com/syncthing/syncthing"
  packages = [
    "lib/config",
    "lib/dialer",
    "lib/events",
    "lib/fs",
    "lib/logger",
    "lib/osutil",
    "lib/protocol",
    "lib/rand",
    "lib/sha256",
    "lib/signature",
    "lib/sync",
    "lib/upgrade",
    "lib/util",
    "lib/versioner",
  ]
  pruneopts = "UT"
  revision = "03821d8bd3bcff790a4be3fda92c13c59c5dec80"
  version = "v0.14.51"

[[projects]]
  digest = "1:58decdab653d29324cdab33e63fbf3b5afc318dcaf6d5253f7440eb4b3d6ae7c"
  name = "github.com/vapor-ware/ksync"
  packages = [
    "pkg/cli",
    "pkg/debug",
    "pkg/ksync",
    "pkg/ksync/cluster",
    "pkg/proto",
    "pkg/syncthing",
  ]
  pruneopts = "UT"
  revision = "f11433eaa06c6116730b92d7d3c219a0370edd0c"
  version = "0.3.2"

[[projects]]
  branch = "master"
  digest = "1:3f3a05ae0b95893d90b9b3b5afdb79a9b3d96e4e36e099d841ae602e4aca0da8"
  name = "golang.org/x/crypto"
  packages = ["ssh/terminal"]
  pruneopts = "UT"
  revision = "e3636079e1a4c1f337f212cc5cd2aca108f6c900"

[[projects]]
  branch = "master"
  digest = "1:6408dd75abfb78b50b09287bae79a18c4553ee21554646e7b64b1ace71fcb91c"
  name = "golang.org/x/net"
  packages = [
    "bpf",
    "context",
    "context/ctxhttp",
    "http/httpguts",
    "http2",
    "http2/hpack",
    "idna",
    "internal/iana",
    "internal/socket",
    "internal/socks",
    "internal/timeseries",
    "ipv4",
    "ipv6",
    "proxy",
    "publicsuffix",
    "trace",
  ]
  pruneopts = "UT"
  revision = "146acd28ed5894421fb5aac80ca93bc1b1f46f87"

[[projects]]
  branch = "master"
  digest = "1:39273b3e6c96fed52bd8f7793fc463c40b1a27a7caa51302b81d45306b9646b4"
  name = "golang.org/x/oauth2"
  packages = [
    ".",
    "google",
    "internal",
    "jws",
    "jwt",
  ]
  pruneopts = "UT"
  revision = "c57b0facaced709681d9f90397429b9430a74754"

[[projects]]
  branch = "master"
  digest = "1:850d28ab022512e2cd3cf511a77f363c29e22689b4031f2050871f5de47ae4a0"
  name = "golang.org/x/sys"
  packages = [
    "unix",
    "windows",
  ]
  pruneopts = "UT"
  revision = "4497e2df6f9e69048a54498c7affbbec3294ad47"

[[projects]]
  digest = "1:a2ab62866c75542dd18d2b069fec854577a20211d7c0ea6ae746072a1dccdd18"
  name = "golang.org/x/text"
  packages = [
    "collate",
    "collate/build",
    "internal/colltab",
    "internal/gen",
    "internal/tag",
    "internal/triegen",
    "internal/ucd",
    "language",
    "secure/bidirule",
    "transform",
    "unicode/bidi",
    "unicode/cldr",
    "unicode/norm",
    "unicode/rangetable",
  ]
  pruneopts = "UT"
  revision = "f21a4dfb5e38f5895301dc265a8def02365cc3d0"
  version = "v0.3.0"

[[projects]]
  branch = "master"
  digest = "1:c9e7a4b4d47c0ed205d257648b0e5b0440880cb728506e318f8ac7cd36270bc4"
  name = "golang.org/x/time"
  packages = ["rate"]
  pruneopts = "UT"
  revision = "fbb02b2291d28baffd63558aa44b4b56f178d650"

[[projects]]
  digest = "1:193950893ea275f89ed92e5da11ed8fa1436872f755a9ea5d4afa83dc9d9c3a8"
  name = "google.golang.org/appengine"
  packages = [
    ".",
    "internal",
    "internal/app_identity",
    "internal/base",
    "internal/datastore",
    "internal/log",
    "internal/modules",
    "internal/remote_api",
    "internal/urlfetch",
    "urlfetch",
  ]
  pruneopts = "UT"
  revision = "ae0ab99deb4dc413a2b4bd6c8bdd0eb67f1e4d06"
  version = "v1.2.0"

[[projects]]
  branch = "master"
  digest = "1:56b0bca90b7e5d1facf5fbdacba23e4e0ce069d25381b8e2f70ef1e7ebfb9c1a"
  name = "google.golang.org/genproto"
  packages = ["googleapis/rpc/status"]
  pruneopts = "UT"
  revision = "af9cb2a35e7f169ec875002c1829c9b315cddc04"

[[projects]]
  digest = "1:ab8e92d746fb5c4c18846b0879842ac8e53b3d352449423d0924a11f1020ae1b"
  name = "google.golang.org/grpc"
  packages = [
    ".",
    "balancer",
    "balancer/base",
    "balancer/roundrobin",
    "codes",
    "connectivity",
    "credentials",
    "encoding",
    "encoding/proto",
    "grpclog",
    "internal",
    "internal/backoff",
    "internal/channelz",
    "internal/envconfig",
    "internal/grpcrand",
    "internal/transport",
    "keepalive",
    "metadata",
    "naming",
    "peer",
    "resolver",
    "resolver/dns",
    "resolver/passthrough",
    "stats",
    "status",
    "tap",
  ]
  pruneopts = "UT"
  revision = "8dea3dc473e90c8179e519d91302d0597c0ca1d1"
  version = "v1.15.0"

[[projects]]
  digest = "1:2d1fbdc6777e5408cabeb02bf336305e724b925ff4546ded0fa8715a7267922a"
  name = "gopkg.in/inf.v0"
  packages = ["."]
  pruneopts = "UT"
  revision = "d2d2541c53f18d2a059457998ce2876cc8e67cbf"
  version = "v0.9.1"

[[projects]]
  digest = "1:342378ac4dcb378a5448dd723f0784ae519383532f5e70ade24132c4c8693202"
  name = "gopkg.in/yaml.v2"
  packages = ["."]
  pruneopts = "UT"
  revision = "5420a8b6744d3b0345ab293f6fcba19c978f1183"
  version = "v2.2.1"

[[projects]]
  branch = "release-1.11"
  digest = "1:6163e6e8fcdb2c545db15aa5fe492fb5c2d59ad54f58fa1cba07f12ceac6d77b"
  name = "k8s.io/api"
  packages = [
    "admissionregistration/v1alpha1",
    "admissionregistration/v1beta1",
    "apps/v1",
    "apps/v1beta1",
    "apps/v1beta2",
    "authentication/v1",
    "authentication/v1beta1",
    "authorization/v1",
    "authorization/v1beta1",
    "autoscaling/v1",
    "autoscaling/v2beta1",
    "batch/v1",
    "batch/v1beta1",
    "batch/v2alpha1",
    "certificates/v1beta1",
    "core/v1",
    "events/v1beta1",
    "extensions/v1beta1",
    "networking/v1",
    "policy/v1beta1",
    "rbac/v1",
    "rbac/v1alpha1",
    "rbac/v1beta1",
    "scheduling/v1alpha1",
    "scheduling/v1beta1",
    "settings/v1alpha1",
    "storage/v1",
    "storage/v1alpha1",
    "storage/v1beta1",
  ]
  pruneopts = "UT"
  revision = "4e7be11eab3ffcfc1876898b8272df53785a9504"

[[projects]]
  branch = "release-1.11"
  digest = "1:877ad3c9cc041a088068af1fecee632942fba1ca145136a061b1b240388c2800"
  name = "k8s.io/apimachinery"
  packages = [
    "pkg/api/errors",
    "pkg/api/meta",
    "pkg/api/resource",
    "pkg/apis/meta/v1",
    "pkg/apis/meta/v1/unstructured",
    "pkg/apis/meta/v1beta1",
    "pkg/conversion",
    "pkg/conversion/queryparams",
    "pkg/fields",
    "pkg/labels",
    "pkg/runtime",
    "pkg/runtime/schema",
    "pkg/runtime/serializer",
    "pkg/runtime/serializer/json",
    "pkg/runtime/serializer/protobuf",
    "pkg/runtime/serializer/recognizer",
    "pkg/runtime/serializer/streaming",
    "pkg/runtime/serializer/versioning",
    "pkg/selection",
    "pkg/types",
    "pkg/util/clock",
    "pkg/util/errors",
    "pkg/util/framer",
    "pkg/util/httpstream",
    "pkg/util/httpstream/spdy",
    "pkg/util/intstr",
    "pkg/util/json",
    "pkg/util/net",
    "pkg/util/remotecommand",
    "pkg/util/runtime",
    "pkg/util/sets",
    "pkg/util/validation",
    "pkg/util/validation/field",
    "pkg/util/wait",
    "pkg/util/yaml",
    "pkg/version",
    "pkg/watch",
    "third_party/forked/golang/netutil",
    "third_party/forked/golang/reflect",
  ]
  pruneopts = "UT"
  revision = "def12e63c512da17043b4f0293f52d1006603d9f"

[[projects]]
  branch = "release-8.0"
  digest = "1:4cccb2287947f0849690ec540752054d75912588fcfe137e267f1125c6140f62"
  name = "k8s.io/client-go"
  packages = [
    "discovery",
    "kubernetes",
    "kubernetes/scheme",
    "kubernetes/typed/admissionregistration/v1alpha1",
    "kubernetes/typed/admissionregistration/v1beta1",
    "kubernetes/typed/apps/v1",
    "kubernetes/typed/apps/v1beta1",
    "kubernetes/typed/apps/v1beta2",
    "kubernetes/typed/authentication/v1",
    "kubernetes/typed/authentication/v1beta1",
    "kubernetes/typed/authorization/v1",
    "kubernetes/typed/authorization/v1beta1",
    "kubernetes/typed/autoscaling/v1",
    "kubernetes/typed/autoscaling/v2beta1",
    "kubernetes/typed/batch/v1",
    "kubernetes/typed/batch/v1beta1",
    "kubernetes/typed/batch/v2alpha1",
    "kubernetes/typed/certificates/v1beta1",
    "kubernetes/typed/core/v1",
    "kubernetes/typed/events/v1beta1",
    "kubernetes/typed/extensions/v1beta1",
    "kubernetes/typed/networking/v1",
    "kubernetes/typed/policy/v1beta1",
    "kubernetes/typed/rbac/v1",
    "kubernetes/typed/rbac/v1alpha1",
    "kubernetes/typed/rbac/v1beta1",
    "kubernetes/typed/scheduling/v1alpha1",
    "kubernetes/typed/scheduling/v1beta1",
    "kubernetes/typed/settings/v1alpha1",
    "kubernetes/typed/storage/v1",
    "kubernetes/typed/storage/v1alpha1",
    "kubernetes/typed/storage/v1beta1",
    "pkg/apis/clientauthentication",
    "pkg/apis/clientauthentication/v1alpha1",
    "pkg/apis/clientauthentication/v1beta1",
    "pkg/version",
    "plugin/pkg/client/auth/exec",
    "plugin/pkg/client/auth/gcp",
    "plugin/pkg/client/auth/oidc",
    "rest",
    "rest/watch",
    "third_party/forked/golang/template",
    "tools/auth",
    "tools/clientcmd",
    "tools/clientcmd/api",
    "tools/clientcmd/api/latest",
    "tools/clientcmd/api/v1",
    "tools/metrics",
    "tools/portforward",
    "tools/reference",
    "tools/remotecommand",
    "transport",
    "transport/spdy",
    "util/cert",
    "util/connrotation",
    "util/exec",
    "util/flowcontrol",
    "util/homedir",
    "util/integer",
    "util/jsonpath",
  ]
  pruneopts = "UT"
  revision = "02543cdbce0d797d9ff46ead45cd58e0e3cdf622"

[[projects]]
  digest = "1:a1697009fc28722de0f8e357435a981de388dc21ec9e2d7e348ce6d9667564c5"
  name = "k8s.io/kubernetes"
  packages = [
    "pkg/kubectl/util/term",
    "pkg/util/interrupt",
  ]
  pruneopts = "UT"
  revision = "4ed3216f3ec431b140b1d899130a69fc671678f4"
  version = "v1.12.1"

[solve-meta]
  analyzer-name = "dep"
  analyzer-version = 1
  input-imports = [
    "github.com/docker/docker/pkg/term",
    "github.com/spf13/cobra",
    "github.com/vapor-ware/ksync/pkg/cli",
    "github.com/vapor-ware/ksync/pkg/ksync",
    "golang.org/x/crypto/ssh/terminal",
    "gopkg.in/yaml.v2",
    "k8s.io/api/apps/v1",
    "k8s.io/api/core/v1",
    "k8s.io/apimachinery/pkg/apis/meta/v1",
    "k8s.io/apimachinery/pkg/util/runtime",
    "k8s.io/apimachinery/pkg/util/yaml",
    "k8s.io/client-go/kubernetes",
    "k8s.io/client-go/kubernetes/scheme",
    "k8s.io/client-go/plugin/pkg/client/auth/gcp",
    "k8s.io/client-go/rest",
    "k8s.io/client-go/tools/clientcmd",
    "k8s.io/client-go/tools/clientcmd/api",
    "k8s.io/client-go/tools/remotecommand",
    "k8s.io/kubernetes/pkg/kubectl/util/term",
  ]
  solver-name = "gps-cdcl"
  solver-version = 1
